
Microsoft Visual Studio Solution File, Format Version 12.00
# Visual Studio Version 16
VisualStudioVersion = 16.0.30225.117
MinimumVisualStudioVersion = 10.0.40219.1
Project("{FAE04EC0-301F-11D3-BF4B-00C04F79EFBC}") = "FoodOrderApp.Android", "FoodOrderApp.Android\FoodOrderApp.Android.csproj", "{4B0B8F73-8EFB-4278-BF53-7F0A40C23213}"
EndProject
Project("{FAE04EC0-301F-11D3-BF4B-00C04F79EFBC}") = "FoodOrderApp.iOS", "FoodOrderApp.iOS\FoodOrderApp.iOS.csproj", "{16297F00-BA86-4BB0-9E2E-BBB18169412E}"
EndProject
Project("{FAE04EC0-301F-11D3-BF4B-00C04F79EFBC}") = "FoodOrderApp", "FoodOrderApp\FoodOrderApp.csproj", "{D75DC119-F6A0-4CD0-B92D-822023545FB4}"
EndProject
Global
	GlobalSection(SolutionConfigurationPlatforms) = preSolution
		Debug|Any CPU = Debug|Any CPU
		Debug|iPhone = Debug|iPhone
		Debug|iPhoneSimulator = Debug|iPhoneSimulator
		Release|Any CPU = Release|Any CPU
		Release|iPhone = Release|iPhone
		Release|iPhoneSimulator = Release|iPhoneSimulator
	EndGlobalSection
	GlobalSection(ProjectConfigurationPlatforms) = postSolution
		{4B0B8F73-8EFB-4278-BF53-7F0A40C23213}.Debug|Any CPU.ActiveCfg = Debug|Any CPU
		{4B0B8F73-8EFB-4278-BF53-7F0A40C23213}.Debug|Any CPU.Build.0 = Debug|Any CPU
		{4B0B8F73-8EFB-4278-BF53-7F0A40C23213}.Debug|Any CPU.Deploy.0 = Debug|Any CPU
		{4B0B8F73-8EFB-4278-BF53-7F0A40C23213}.Debug|iPhone.ActiveCfg = Debug|Any CPU
		{4B0B8F73-8EFB-4278-BF53-7F0A40C23213}.Debug|iPhone.Build.0 = Debug|Any CPU
		{4B0B8F73-8EFB-4278-BF53-7F0A40C23213}.Debug|iPhone.Deploy.0 = Debug|Any CPU
		{4B0B8F73-8EFB-4278-BF53-7F0A40C23213}.Debug|iPhoneSimulator.ActiveCfg = Debug|Any CPU
		{4B0B8F73-8EFB-4278-BF53-7F0A40C23213}.Debug|iPhoneSimulator.Build.0 = Debug|Any CPU
		{4B0B8F73-8EFB-4278-BF53-7F0A40C23213}.Debug|iPhoneSimulator.Deploy.0 = Debug|Any CPU
		{4B0B8F73-8EFB-4278-BF53-7F0A40C23213}.Release|Any CPU.ActiveCfg = Release|Any CPU
		{4B0B8F73-8EFB-4278-BF53-7F0A40C23213}.Release|Any CPU.Build.0 = Release|Any CPU
		{4B0B8F73-8EFB-4278-BF53-7F0A40C23213}.Release|Any CPU.Deploy.0 = Release|Any CPU
		{4B0B8F73-8EFB-4278-BF53-7F0A40C23213}.Release|iPhone.ActiveCfg = Release|Any CPU
		{4B0B8F73-8EFB-4278-BF53-7F0A40C23213}.Release|iPhone.Build.0 = Release|Any CPU
		{4B0B8F73-8EFB-4278-BF53-7F0A40C23213}.Release|iPhone.Deploy.0 = Release|Any CPU
		{4B0B8F73-8EFB-4278-BF53-7F0A40C23213}.Release|iPhoneSimulator.ActiveCfg = Release|Any CPU
		{4B0B8F73-8EFB-4278-BF53-7F0A40C23213}.Release|iPhoneSimulator.Build.0 = Release|Any CPU
		{4B0B8F73-8EFB-4278-BF53-7F0A40C23213}.Release|iPhoneSimulator.Deploy.0 = Release|Any CPU
		{16297F00-BA86-4BB0-9E2E-BBB18169412E}.Debug|Any CPU.ActiveCfg = Debug|iPhone
		{16297F00-BA86-4BB0-9E2E-BBB18169412E}.Debug|Any CPU.Build.0 = Debug|iPhone
		{16297F00-BA86-4BB0-9E2E-BBB18169412E}.Debug|Any CPU.Deploy.0 = Debug|iPhone
		{16297F00-BA86-4BB0-9E2E-BBB18169412E}.Debug|iPhone.ActiveCfg = Debug|iPhone
		{16297F00-BA86-4BB0-9E2E-BBB18169412E}.Debug|iPhone.Build.0 = Debug|iPhone
		{16297F00-BA86-4BB0-9E2E-BBB18169412E}.Debug|iPhone.Deploy.0 = Debug|iPhone
		{16297F00-BA86-4BB0-9E2E-BBB18169412E}.Debug|iPhoneSimulator.ActiveCfg = Debug|iPhoneSimulator
		{16297F00-BA86-4BB0-9E2E-BBB18169412E}.Debug|iPhoneSimulator.Build.0 = Debug|iPhoneSimulator
		{16297F00-BA86-4BB0-9E2E-BBB18169412E}.Debug|iPhoneSimulator.Deploy.0 = Debug|iPhoneSimulator
		{16297F00-BA86-4BB0-9E2E-BBB18169412E}.Release|Any CPU.ActiveCfg = Release|iPhone
		{16297F00-BA86-4BB0-9E2E-BBB18169412E}.Release|Any CPU.Build.0 = Release|iPhone
		{16297F00-BA86-4BB0-9E2E-BBB18169412E}.Release|Any CPU.Deploy.0 = Release|iPhone
		{16297F00-BA86-4BB0-9E2E-BBB18169412E}.Release|iPhone.ActiveCfg = Release|iPhone
		{16297F00-BA86-4BB0-9E2E-BBB18169412E}.Release|iPhone.Build.0 = Release|iPhone
		{16297F00-BA86-4BB0-9E2E-BBB18169412E}.Release|iPhone.Deploy.0 = Release|iPhone
		{16297F00-BA86-4BB0-9E2E-BBB18169412E}.Release|iPhoneSimulator.ActiveCfg = Release|iPhoneSimulator
		{16297F00-BA86-4BB0-9E2E-BBB18169412E}.Release|iPhoneSimulator.Build.0 = Release|iPhoneSimulator
		{16297F00-BA86-4BB0-9E2E-BBB18169412E}.Release|iPhoneSimulator.Deploy.0 = Release|iPhoneSimulator
		{D75DC119-F6A0-4CD0-B92D-822023545FB4}.Debug|Any CPU.ActiveCfg = Debug|Any CPU
		{D75DC119-F6A0-4CD0-B92D-822023545FB4}.Debug|Any CPU.Build.0 = Debug|Any CPU
		{D75DC119-F6A0-4CD0-B92D-822023545FB4}.Debug|Any CPU.Deploy.0 = Debug|Any CPU
		{D75DC119-F6A0-4CD0-B92D-822023545FB4}.Debug|iPhone.ActiveCfg = Debug|Any CPU
		{D75DC119-F6A0-4CD0-B92D-822023545FB4}.Debug|iPhone.Build.0 = Debug|Any CPU
		{D75DC119-F6A0-4CD0-B92D-822023545FB4}.Debug|iPhone.Deploy.0 = Debug|Any CPU
		{D75DC119-F6A0-4CD0-B92D-822023545FB4}.Debug|iPhoneSimulator.ActiveCfg = Debug|Any CPU
		{D75DC119-F6A0-4CD0-B92D-822023545FB4}.Debug|iPhoneSimulator.Build.0 = Debug|Any CPU
		{D75DC119-F6A0-4CD0-B92D-822023545FB4}.Debug|iPhoneSimulator.Deploy.0 = Debug|Any CPU
		{D75DC119-F6A0-4CD0-B92D-822023545FB4}.Release|Any CPU.ActiveCfg = Release|Any CPU
		{D75DC119-F6A0-4CD0-B92D-822023545FB4}.Release|Any CPU.Build.0 = Release|Any CPU
		{D75DC119-F6A0-4CD0-B92D-822023545FB4}.Release|Any CPU.Deploy.0 = Release|Any CPU
		{D75DC119-F6A0-4CD0-B92D-822023545FB4}.Release|iPhone.ActiveCfg = Release|Any CPU
		{D75DC119-F6A0-4CD0-B92D-822023545FB4}.Release|iPhone.Build.0 = Release|Any CPU
		{D75DC119-F6A0-4CD0-B92D-822023545FB4}.Release|iPhone.Deploy.0 = Release|Any CPU
		{D75DC119-F6A0-4CD0-B92D-822023545FB4}.Release|iPhoneSimulator.ActiveCfg = Release|Any CPU
		{D75DC119-F6A0-4CD0-B92D-822023545FB4}.Release|iPhoneSimulator.Build.0 = Release|Any CPU
		{D75DC119-F6A0-4CD0-B92D-822023545FB4}.Release|iPhoneSimulator.Deploy.0 = Release|Any CPU
	EndGlobalSection
	GlobalSection(SolutionProperties) = preSolution
		HideSolutionNode = FALSE
	EndGlobalSection
	GlobalSection(ExtensibilityGlobals) = postSolution
		SolutionGuid = {580D4E58-4829-4474-AD7A-500506B99AE0}
	EndGlobalSection
EndGlobal
